
Microsoft Visual Studio Solution File, Format Version 12.00
# Visual Studio Version 17
VisualStudioVersion = 17.3.32901.215
MinimumVisualStudioVersion = 10.0.40219.1
Project("{9A19103F-16F7-4668-BE54-9A1E7A4F7556}") = "TodoList", "TodoList.csproj", "{8D171210-A811-4B0C-8268-0DB26DD24E99}"
EndProject
Project("{FAE04EC0-301F-11D3-BF4B-00C04F79EFBC}") = "TestToDoV2", "..\TestToDoV2\TestToDoV2.csproj", "{C1228CA8-BF9C-44E9-841A-AD187AC63C1B}"
EndProject
Global
	GlobalSection(SolutionConfigurationPlatforms) = preSolution
		Debug|Any CPU = Debug|Any CPU
		Release|Any CPU = Release|Any CPU
	EndGlobalSection
	GlobalSection(ProjectConfigurationPlatforms) = postSolution
		{8D171210-A811-4B0C-8268-0DB26DD24E99}.Debug|Any CPU.ActiveCfg = Debug|Any CPU
		{8D171210-A811-4B0C-8268-0DB26DD24E99}.Debug|Any CPU.Build.0 = Debug|Any CPU
		{8D171210-A811-4B0C-8268-0DB26DD24E99}.Release|Any CPU.ActiveCfg = Release|Any CPU
		{8D171210-A811-4B0C-8268-0DB26DD24E99}.Release|Any CPU.Build.0 = Release|Any CPU
		{C1228CA8-BF9C-44E9-841A-AD187AC63C1B}.Debug|Any CPU.ActiveCfg = Debug|Any CPU
		{C1228CA8-BF9C-44E9-841A-AD187AC63C1B}.Debug|Any CPU.Build.0 = Debug|Any CPU
		{C1228CA8-BF9C-44E9-841A-AD187AC63C1B}.Release|Any CPU.ActiveCfg = Release|Any CPU
		{C1228CA8-BF9C-44E9-841A-AD187AC63C1B}.Release|Any CPU.Build.0 = Release|Any CPU
	EndGlobalSection
	GlobalSection(SolutionProperties) = preSolution
		HideSolutionNode = FALSE
	EndGlobalSection
	GlobalSection(ExtensibilityGlobals) = postSolution
		SolutionGuid = {4D385ADE-6EFD-4927-BA97-BC0FE56D9A5D}
	EndGlobalSection
EndGlobal
